{"filter":false,"title":"package-lock.json","tooltip":"/application/package-lock.json","undoManager":{"mark":-1,"position":-1,"stack":[]},"ace":{"folds":[],"scrolltop":0,"scrollleft":0,"selection":{"start":{"row":0,"column":0},"end":{"row":0,"column":0},"isBackwards":false},"options":{"guessTabSize":true,"useWrapMode":false,"wrapToView":true},"firstLineState":0},"timestamp":1700566760478,"hash":"93453eac89bd6d92fc07db40de567bb1193dcfb4"}